Microsoft Visual Studio Solution File, Format Version 9.00
# Visual Studio 2005
Project("{E24C65DC-7377-472B-9ABA-BC803B73C61A}") = "http://localhost/ig_common/20102clr20/Forms/WebSchedule/", "http://localhost/ig_common/20102clr20/Forms/WebSchedule", "{D36146CC-26A2-4321-97A4-CD4133752D28}"
	ProjectSection(WebsiteProperties) = preProject
		Debug.AspNetCompiler.VirtualPath = "/WebSchedule"
		Debug.AspNetCompiler.PhysicalPath = "..\WebSchedule\"
		Debug.AspNetCompiler.TargetPath = "PrecompiledWeb\WebSchedule\"
		Debug.AspNetCompiler.Updateable = "true"
		Debug.AspNetCompiler.ForceOverwrite = "true"
		Debug.AspNetCompiler.FixedNames = "false"
		Debug.AspNetCompiler.Debug = "True"
		Release.AspNetCompiler.VirtualPath = "/WebSchedule"
		Release.AspNetCompiler.PhysicalPath = "..\WebSchedule\"
		Release.AspNetCompiler.TargetPath = "PrecompiledWeb\WebSchedule\"
		Release.AspNetCompiler.Updateable = "true"
		Release.AspNetCompiler.ForceOverwrite = "true"
		Release.AspNetCompiler.FixedNames = "false"
		Release.AspNetCompiler.Debug = "False"
		SlnRelativePath = "..\WebSchedule\"
	EndProjectSection
EndProject
Global
	GlobalSection(SolutionConfigurationPlatforms) = preSolution
		Debug|.NET = Debug|.NET
	EndGlobalSection
	GlobalSection(ProjectConfigurationPlatforms) = postSolution
		{D36146CC-26A2-4321-97A4-CD4133752D28}.Debug|.NET.ActiveCfg = Debug|.NET
		{D36146CC-26A2-4321-97A4-CD4133752D28}.Debug|.NET.Build.0 = Debug|.NET
	EndGlobalSection
	GlobalSection(SolutionProperties) = preSolution
		HideSolutionNode = FALSE
	EndGlobalSection
EndGlobal
